
Microsoft Visual Studio Solution File, Format Version 12.00
# Visual Studio Version 17
VisualStudioVersion = 17.14.36221.1
MinimumVisualStudioVersion = 10.0.40219.1
Project("{FAE04EC0-301F-11D3-BF4B-00C04F79EFBC}") = "Shader", "Shader\Shader.csproj", "{45C0E292-8AA5-44D1-9121-1091A4350551}"
EndProject
Project("{FAE04EC0-301F-11D3-BF4B-00C04F79EFBC}") = "RyuTest", "RyuTest\RyuTest.csproj", "{94ABD507-1C1E-4F50-A587-D0B112DDEA97}"
EndProject
Global
	GlobalSection(SolutionConfigurationPlatforms) = preSolution
		Debug|Any CPU = Debug|Any CPU
		Release|Any CPU = Release|Any CPU
	EndGlobalSection
	GlobalSection(ProjectConfigurationPlatforms) = postSolution
		{45C0E292-8AA5-44D1-9121-1091A4350551}.Debug|Any CPU.ActiveCfg = Debug|Any CPU
		{45C0E292-8AA5-44D1-9121-1091A4350551}.Debug|Any CPU.Build.0 = Debug|Any CPU
		{45C0E292-8AA5-44D1-9121-1091A4350551}.Release|Any CPU.ActiveCfg = Release|Any CPU
		{45C0E292-8AA5-44D1-9121-1091A4350551}.Release|Any CPU.Build.0 = Release|Any CPU
		{94ABD507-1C1E-4F50-A587-D0B112DDEA97}.Debug|Any CPU.ActiveCfg = Debug|Any CPU
		{94ABD507-1C1E-4F50-A587-D0B112DDEA97}.Debug|Any CPU.Build.0 = Debug|Any CPU
		{94ABD507-1C1E-4F50-A587-D0B112DDEA97}.Release|Any CPU.ActiveCfg = Release|Any CPU
		{94ABD507-1C1E-4F50-A587-D0B112DDEA97}.Release|Any CPU.Build.0 = Release|Any CPU
	EndGlobalSection
	GlobalSection(SolutionProperties) = preSolution
		HideSolutionNode = FALSE
	EndGlobalSection
	GlobalSection(ExtensibilityGlobals) = postSolution
		SolutionGuid = {CB2AA7FF-BE55-4BD8-8A03-9D43CCCD4AF5}
	EndGlobalSection
EndGlobal
